
Microsoft Visual Studio Solution File, Format Version 12.00
# Visual Studio Version 16
VisualStudioVersion = 16.0.29920.165
MinimumVisualStudioVersion = 10.0.40219.1
Project("{FAE04EC0-301F-11D3-BF4B-00C04F79EFBC}") = "BookListRazorCoreApp", "BookListRazorCoreApp.csproj", "{62DFBBFE-554D-4E3C-9C2C-8839B09D7BE3}"
EndProject
Global
	GlobalSection(SolutionConfigurationPlatforms) = preSolution
		Debug|Any CPU = Debug|Any CPU
		Release|Any CPU = Release|Any CPU
	EndGlobalSection
	GlobalSection(ProjectConfigurationPlatforms) = postSolution
		{62DFBBFE-554D-4E3C-9C2C-8839B09D7BE3}.Debug|Any CPU.ActiveCfg = Debug|Any CPU
		{62DFBBFE-554D-4E3C-9C2C-8839B09D7BE3}.Debug|Any CPU.Build.0 = Debug|Any CPU
		{62DFBBFE-554D-4E3C-9C2C-8839B09D7BE3}.Release|Any CPU.ActiveCfg = Release|Any CPU
		{62DFBBFE-554D-4E3C-9C2C-8839B09D7BE3}.Release|Any CPU.Build.0 = Release|Any CPU
	EndGlobalSection
	GlobalSection(SolutionProperties) = preSolution
		HideSolutionNode = FALSE
	EndGlobalSection
	GlobalSection(ExtensibilityGlobals) = postSolution
		SolutionGuid = {A42E96DA-ED6B-4B33-98D2-3777A1F37070}
	EndGlobalSection
EndGlobal
